{
  "R": {
    "Version": "4.0.2",
    "Repositories": [
      {
        "Name": "CRAN",
        "URL": "https://cran.rstudio.com"
      }
    ]
  },
  "Packages": {
    "BH": {
      "Package": "BH",
      "Version": "1.72.0-3",
      "Source": "CRAN"
    },
    "BiocManager": {
      "Package": "BiocManager",
      "Version": "1.30.10",
      "Source": "CRAN"
    },
    "DBI": {
      "Package": "DBI",
      "Version": "1.1.0",
      "Source": "CRAN"
    },
    "DT": {
      "Package": "DT",
      "Version": "0.14",
      "Source": "CRAN"
    },
    "MatrixModels": {
      "Package": "MatrixModels",
      "Version": "0.4-1",
      "Source": "CRAN"
    },
    "R6": {
      "Package": "R6",
      "Version": "2.4.1",
      "Source": "CRAN"
    },
    "RColorBrewer": {
      "Package": "RColorBrewer",
      "Version": "1.1-2",
      "Source": "CRAN"
    },
    "RSQLite": {
      "Package": "RSQLite",
      "Version": "2.2.0",
      "Source": "CRAN"
    },
    "Rcpp": {
      "Package": "Rcpp",
      "Version": "1.0.5",
      "Source": "CRAN"
    },
    "RcppArmadillo": {
      "Package": "RcppArmadillo",
      "Version": "0.9.900.2.0",
      "Source": "CRAN"
    },
    "RcppEigen": {
      "Package": "RcppEigen",
      "Version": "0.3.3.7.0",
      "Source": "CRAN"
    },
    "SparseM": {
      "Package": "SparseM",
      "Version": "1.78",
      "Source": "CRAN"
    },
    "abind": {
      "Package": "abind",
      "Version": "1.4-5",
      "Source": "CRAN"
    },
    "ape": {
      "Package": "ape",
      "Version": "5.4",
      "Source": "CRAN"
    },
    "aplot": {
      "Package": "aplot",
      "Version": "0.0.4",
      "Source": "CRAN"
    },
    "askpass": {
      "Package": "askpass",
      "Version": "1.1",
      "Source": "CRAN"
    },
    "assertthat": {
      "Package": "assertthat",
      "Version": "0.2.1",
      "Source": "CRAN"
    },
    "backports": {
      "Package": "backports",
      "Version": "1.1.8",
      "Source": "CRAN"
    },
    "base64enc": {
      "Package": "base64enc",
      "Version": "0.1-3",
      "Source": "CRAN"
    },
    "bit": {
      "Package": "bit",
      "Version": "1.1-15.2",
      "Source": "CRAN"
    },
    "bit64": {
      "Package": "bit64",
      "Version": "0.9-7.1",
      "Source": "CRAN"
    },
    "blob": {
      "Package": "blob",
      "Version": "1.2.1",
      "Source": "CRAN"
    },
    "brew": {
      "Package": "brew",
      "Version": "1.0-6",
      "Source": "CRAN"
    },
    "broom": {
      "Package": "broom",
      "Version": "0.7.0",
      "Source": "CRAN"
    },
    "callr": {
      "Package": "callr",
      "Version": "3.4.3",
      "Source": "CRAN"
    },
    "car": {
      "Package": "car",
      "Version": "3.0-8",
      "Source": "CRAN"
    },
    "carData": {
      "Package": "carData",
      "Version": "3.0-4",
      "Source": "CRAN"
    },
    "cellranger": {
      "Package": "cellranger",
      "Version": "1.1.0",
      "Source": "CRAN"
    },
    "cli": {
      "Package": "cli",
      "Version": "2.0.2",
      "Source": "CRAN"
    },
    "clipr": {
      "Package": "clipr",
      "Version": "0.7.0",
      "Source": "CRAN"
    },
    "colorspace": {
      "Package": "colorspace",
      "Version": "1.4-1",
      "Source": "CRAN"
    },
    "commonmark": {
      "Package": "commonmark",
      "Version": "1.7",
      "Source": "CRAN"
    },
    "conquer": {
      "Package": "conquer",
      "Version": "1.0.1",
      "Source": "CRAN"
    },
    "corrplot": {
      "Package": "corrplot",
      "Version": "0.84",
      "Source": "CRAN"
    },
    "covr": {
      "Package": "covr",
      "Version": "3.5.0",
      "Source": "CRAN"
    },
    "cowplot": {
      "Package": "cowplot",
      "Version": "1.0.0",
      "Source": "CRAN"
    },
    "crayon": {
      "Package": "crayon",
      "Version": "1.3.4",
      "Source": "CRAN"
    },
    "crosstalk": {
      "Package": "crosstalk",
      "Version": "1.1.0.1",
      "Source": "CRAN"
    },
    "curl": {
      "Package": "curl",
      "Version": "4.3",
      "Source": "CRAN"
    },
    "data.table": {
      "Package": "data.table",
      "Version": "1.12.8",
      "Source": "CRAN"
    },
    "dbplyr": {
      "Package": "dbplyr",
      "Version": "1.4.4",
      "Source": "CRAN"
    },
    "desc": {
      "Package": "desc",
      "Version": "1.2.0",
      "Source": "CRAN"
    },
    "devtools": {
      "Package": "devtools",
      "Version": "2.3.1",
      "Source": "CRAN"
    },
    "digest": {
      "Package": "digest",
      "Version": "0.6.25",
      "Source": "CRAN"
    },
    "dplyr": {
      "Package": "dplyr",
      "Version": "1.0.0",
      "Source": "CRAN"
    },
    "ellipsis": {
      "Package": "ellipsis",
      "Version": "0.3.1",
      "Source": "CRAN"
    },
    "evaluate": {
      "Package": "evaluate",
      "Version": "0.14",
      "Source": "CRAN"
    },
    "fansi": {
      "Package": "fansi",
      "Version": "0.4.1",
      "Source": "CRAN"
    },
    "farver": {
      "Package": "farver",
      "Version": "2.0.3",
      "Source": "CRAN"
    },
    "forcats": {
      "Package": "forcats",
      "Version": "0.5.0",
      "Source": "CRAN"
    },
    "fs": {
      "Package": "fs",
      "Version": "1.4.2",
      "Source": "CRAN"
    },
    "generics": {
      "Package": "generics",
      "Version": "0.0.2",
      "Source": "CRAN"
    },
    "ggfittext": {
      "Package": "ggfittext",
      "Version": "0.9.0",
      "Source": "CRAN"
    },
    "ggforce": {
      "Package": "ggforce",
      "Version": "0.3.2",
      "Source": "CRAN"
    },
    "gggenes": {
      "Package": "gggenes",
      "Version": "0.4.0",
      "Source": "CRAN"
    },
    "ggnewscale": {
      "Package": "ggnewscale",
      "Version": "0.4.1",
      "Source": "CRAN"
    },
    "ggplot2": {
      "Package": "ggplot2",
      "Version": "3.3.2",
      "Source": "CRAN"
    },
    "ggplotify": {
      "Package": "ggplotify",
      "Version": "0.0.5",
      "Source": "CRAN"
    },
    "ggpubr": {
      "Package": "ggpubr",
      "Version": "0.4.0",
      "Source": "CRAN"
    },
    "ggraph": {
      "Package": "ggraph",
      "Version": "2.0.3",
      "Source": "CRAN"
    },
    "ggrepel": {
      "Package": "ggrepel",
      "Version": "0.8.2",
      "Source": "CRAN"
    },
    "ggsci": {
      "Package": "ggsci",
      "Version": "2.9",
      "Source": "CRAN"
    },
    "ggsignif": {
      "Package": "ggsignif",
      "Version": "0.6.0",
      "Source": "CRAN"
    },
    "ggthemr": {
      "Package": "ggthemr",
      "Version": "1.1.0",
      "Source": "github",
      "RemoteRepo": "ggthemr",
      "RemoteUsername": "cttobin",
      "RemoteRef": "HEAD",
      "RemoteSha": "10eb50a78047e1eb0b9517004f9f7fc34702f539",
      "RemoteHost": "api.github.com",
      "RemoteRepo": "ggthemr",
      "RemoteUsername": "cttobin",
      "RemoteRef": "HEAD",
      "RemoteSha": "10eb50a78047e1eb0b9517004f9f7fc34702f539",
      "RemoteType": "github"
    },
    "ggtree": {
      "Package": "ggtree",
      "Version": "2.3.3",
      "Source": "github",
      "RemoteRepo": "ggtree",
      "RemoteUsername": "YuLab-SMU",
      "RemoteRef": "HEAD",
      "RemoteSha": "2f420520f7973dca22b429d533967d39c1c73efd",
      "RemoteHost": "api.github.com",
      "RemoteRepo": "ggtree",
      "RemoteUsername": "YuLab-SMU",
      "RemoteRef": "HEAD",
      "RemoteSha": "2f420520f7973dca22b429d533967d39c1c73efd",
      "RemoteType": "github"
    },
    "gh": {
      "Package": "gh",
      "Version": "1.1.0",
      "Source": "CRAN"
    },
    "git2r": {
      "Package": "git2r",
      "Version": "0.27.1",
      "Source": "CRAN"
    },
    "glue": {
      "Package": "glue",
      "Version": "1.4.1",
      "Source": "CRAN"
    },
    "graphlayouts": {
      "Package": "graphlayouts",
      "Version": "0.7.0",
      "Source": "CRAN"
    },
    "gridExtra": {
      "Package": "gridExtra",
      "Version": "2.3",
      "Source": "CRAN"
    },
    "gridGraphics": {
      "Package": "gridGraphics",
      "Version": "0.5-0",
      "Source": "CRAN"
    },
    "gtable": {
      "Package": "gtable",
      "Version": "0.3.0",
      "Source": "CRAN"
    },
    "haven": {
      "Package": "haven",
      "Version": "2.3.1",
      "Source": "CRAN"
    },
    "highr": {
      "Package": "highr",
      "Version": "0.8",
      "Source": "CRAN"
    },
    "hms": {
      "Package": "hms",
      "Version": "0.5.3",
      "Source": "CRAN"
    },
    "htmltools": {
      "Package": "htmltools",
      "Version": "0.5.0",
      "Source": "CRAN"
    },
    "htmlwidgets": {
      "Package": "htmlwidgets",
      "Version": "1.5.1",
      "Source": "CRAN"
    },
    "httr": {
      "Package": "httr",
      "Version": "1.4.2",
      "Source": "CRAN"
    },
    "igraph": {
      "Package": "igraph",
      "Version": "1.2.5",
      "Source": "CRAN"
    },
    "ini": {
      "Package": "ini",
      "Version": "0.3.1",
      "Source": "CRAN"
    },
    "isoband": {
      "Package": "isoband",
      "Version": "0.2.2",
      "Source": "CRAN"
    },
    "jsonlite": {
      "Package": "jsonlite",
      "Version": "1.7.0",
      "Source": "CRAN"
    },
    "knitr": {
      "Package": "knitr",
      "Version": "1.29",
      "Source": "CRAN"
    },
    "labeling": {
      "Package": "labeling",
      "Version": "0.3",
      "Source": "CRAN"
    },
    "later": {
      "Package": "later",
      "Version": "1.1.0.1",
      "Source": "CRAN"
    },
    "lazyeval": {
      "Package": "lazyeval",
      "Version": "0.2.2",
      "Source": "CRAN"
    },
    "lifecycle": {
      "Package": "lifecycle",
      "Version": "0.2.0",
      "Source": "CRAN"
    },
    "lme4": {
      "Package": "lme4",
      "Version": "1.1-23",
      "Source": "CRAN"
    },
    "lubridate": {
      "Package": "lubridate",
      "Version": "1.7.9",
      "Source": "CRAN"
    },
    "lvplot": {
      "Package": "lvplot",
      "Version": "0.2.0.9000",
      "Source": "github",
      "RemoteRepo": "lvplot",
      "RemoteUsername": "hadley",
      "RemoteRef": "HEAD",
      "RemoteSha": "8ce61c77891f572286dc6d125cf22aca8bef1907",
      "RemoteHost": "api.github.com",
      "RemoteRepo": "lvplot",
      "RemoteUsername": "hadley",
      "RemoteRef": "HEAD",
      "RemoteSha": "8ce61c77891f572286dc6d125cf22aca8bef1907",
      "RemoteType": "github"
    },
    "maditr": {
      "Package": "maditr",
      "Version": "0.7.3",
      "Source": "github",
      "RemoteRepo": "maditr",
      "RemoteUsername": "gdemin",
      "RemoteRef": "HEAD",
      "RemoteSha": "4bc7318ee3f5a105fcbf98efc29e4515459fa843",
      "RemoteHost": "api.github.com",
      "RemoteRepo": "maditr",
      "RemoteUsername": "gdemin",
      "RemoteRef": "HEAD",
      "RemoteSha": "4bc7318ee3f5a105fcbf98efc29e4515459fa843",
      "RemoteType": "github"
    },
    "magrittr": {
      "Package": "magrittr",
      "Version": "1.5",
      "Source": "CRAN"
    },
    "maptools": {
      "Package": "maptools",
      "Version": "1.0-1",
      "Source": "CRAN"
    },
    "markdown": {
      "Package": "markdown",
      "Version": "1.1",
      "Source": "CRAN"
    },
    "matrixStats": {
      "Package": "matrixStats",
      "Version": "0.56.0",
      "Source": "CRAN"
    },
    "memoise": {
      "Package": "memoise",
      "Version": "1.1.0",
      "Source": "CRAN"
    },
    "mime": {
      "Package": "mime",
      "Version": "0.9",
      "Source": "CRAN"
    },
    "minqa": {
      "Package": "minqa",
      "Version": "1.2.4",
      "Source": "CRAN"
    },
    "modelr": {
      "Package": "modelr",
      "Version": "0.1.8",
      "Source": "CRAN"
    },
    "munsell": {
      "Package": "munsell",
      "Version": "0.5.0",
      "Source": "CRAN"
    },
    "naturalsort": {
      "Package": "naturalsort",
      "Version": "0.1.3",
      "Source": "CRAN"
    },
    "nloptr": {
      "Package": "nloptr",
      "Version": "1.2.2.2",
      "Source": "CRAN"
    },
    "openssl": {
      "Package": "openssl",
      "Version": "1.4.2",
      "Source": "CRAN"
    },
    "openxlsx": {
      "Package": "openxlsx",
      "Version": "4.1.5",
      "Source": "CRAN"
    },
    "packrat": {
      "Package": "packrat",
      "Version": "0.5.0-29",
      "Source": "github",
      "RemoteRepo": "packrat",
      "RemoteUsername": "rstudio",
      "RemoteRef": "master",
      "RemoteSha": "5173a3faea677b7b7f5ad46f6bbcbeabaef3e688",
      "RemoteType": "github"
    },
    "patchwork": {
      "Package": "patchwork",
      "Version": "1.0.1",
      "Source": "CRAN"
    },
    "pbkrtest": {
      "Package": "pbkrtest",
      "Version": "0.4-8.6",
      "Source": "CRAN"
    },
    "pillar": {
      "Package": "pillar",
      "Version": "1.4.6",
      "Source": "CRAN"
    },
    "pkgbuild": {
      "Package": "pkgbuild",
      "Version": "1.1.0",
      "Source": "CRAN"
    },
    "pkgconfig": {
      "Package": "pkgconfig",
      "Version": "2.0.3",
      "Source": "CRAN"
    },
    "pkgload": {
      "Package": "pkgload",
      "Version": "1.1.0",
      "Source": "CRAN"
    },
    "plogr": {
      "Package": "plogr",
      "Version": "0.2.0",
      "Source": "CRAN"
    },
    "plyr": {
      "Package": "plyr",
      "Version": "1.8.6",
      "Source": "CRAN"
    },
    "polyclip": {
      "Package": "polyclip",
      "Version": "1.10-0",
      "Source": "CRAN"
    },
    "polynom": {
      "Package": "polynom",
      "Version": "1.4-0",
      "Source": "CRAN"
    },
    "praise": {
      "Package": "praise",
      "Version": "1.0.0",
      "Source": "CRAN"
    },
    "prettyunits": {
      "Package": "prettyunits",
      "Version": "1.1.1",
      "Source": "CRAN"
    },
    "processx": {
      "Package": "processx",
      "Version": "3.4.3",
      "Source": "CRAN"
    },
    "progress": {
      "Package": "progress",
      "Version": "1.2.2",
      "Source": "CRAN"
    },
    "promises": {
      "Package": "promises",
      "Version": "1.1.1",
      "Source": "CRAN"
    },
    "ps": {
      "Package": "ps",
      "Version": "1.3.3",
      "Source": "CRAN"
    },
    "purrr": {
      "Package": "purrr",
      "Version": "0.3.4",
      "Source": "CRAN"
    },
    "quantreg": {
      "Package": "quantreg",
      "Version": "5.61",
      "Source": "CRAN"
    },
    "rcmdcheck": {
      "Package": "rcmdcheck",
      "Version": "1.3.3",
      "Source": "CRAN"
    },
    "readr": {
      "Package": "readr",
      "Version": "1.3.1",
      "Source": "CRAN"
    },
    "readxl": {
      "Package": "readxl",
      "Version": "1.3.1",
      "Source": "CRAN"
    },
    "rematch": {
      "Package": "rematch",
      "Version": "1.0.1",
      "Source": "CRAN"
    },
    "rematch2": {
      "Package": "rematch2",
      "Version": "2.1.2",
      "Source": "CRAN"
    },
    "remotes": {
      "Package": "remotes",
      "Version": "2.2.0",
      "Source": "CRAN"
    },
    "reprex": {
      "Package": "reprex",
      "Version": "0.3.0",
      "Source": "CRAN"
    },
    "rex": {
      "Package": "rex",
      "Version": "1.2.0",
      "Source": "CRAN"
    },
    "rio": {
      "Package": "rio",
      "Version": "0.5.16",
      "Source": "CRAN"
    },
    "rlang": {
      "Package": "rlang",
      "Version": "0.4.7",
      "Source": "CRAN"
    },
    "rmarkdown": {
      "Package": "rmarkdown",
      "Version": "2.3",
      "Source": "CRAN"
    },
    "roxygen2": {
      "Package": "roxygen2",
      "Version": "7.1.1",
      "Source": "CRAN"
    },
    "rprojroot": {
      "Package": "rprojroot",
      "Version": "1.3-2",
      "Source": "CRAN"
    },
    "rstatix": {
      "Package": "rstatix",
      "Version": "0.6.0",
      "Source": "CRAN"
    },
    "rstudioapi": {
      "Package": "rstudioapi",
      "Version": "0.11",
      "Source": "CRAN"
    },
    "rvcheck": {
      "Package": "rvcheck",
      "Version": "0.1.8",
      "Source": "CRAN"
    },
    "rversions": {
      "Package": "rversions",
      "Version": "2.0.2",
      "Source": "CRAN"
    },
    "rvest": {
      "Package": "rvest",
      "Version": "0.3.5",
      "Source": "CRAN"
    },
    "scales": {
      "Package": "scales",
      "Version": "1.1.1",
      "Source": "CRAN"
    },
    "selectr": {
      "Package": "selectr",
      "Version": "0.4-2",
      "Source": "CRAN"
    },
    "sessioninfo": {
      "Package": "sessioninfo",
      "Version": "1.1.1",
      "Source": "CRAN"
    },
    "shades": {
      "Package": "shades",
      "Version": "1.4.0",
      "Source": "CRAN"
    },
    "sp": {
      "Package": "sp",
      "Version": "1.4-2",
      "Source": "CRAN"
    },
    "statmod": {
      "Package": "statmod",
      "Version": "1.4.34",
      "Source": "CRAN"
    },
    "stringi": {
      "Package": "stringi",
      "Version": "1.4.6",
      "Source": "CRAN"
    },
    "stringr": {
      "Package": "stringr",
      "Version": "1.4.0",
      "Source": "CRAN"
    },
    "sys": {
      "Package": "sys",
      "Version": "3.3",
      "Source": "CRAN"
    },
    "testthat": {
      "Package": "testthat",
      "Version": "2.3.2",
      "Source": "CRAN"
    },
    "tibble": {
      "Package": "tibble",
      "Version": "3.0.3",
      "Source": "CRAN"
    },
    "tidygraph": {
      "Package": "tidygraph",
      "Version": "1.2.0",
      "Source": "CRAN"
    },
    "tidyr": {
      "Package": "tidyr",
      "Version": "1.1.0",
      "Source": "CRAN"
    },
    "tidyselect": {
      "Package": "tidyselect",
      "Version": "1.1.0",
      "Source": "CRAN"
    },
    "tidytree": {
      "Package": "tidytree",
      "Version": "0.3.3",
      "Source": "CRAN"
    },
    "tidyverse": {
      "Package": "tidyverse",
      "Version": "1.3.0",
      "Source": "CRAN"
    },
    "tinytex": {
      "Package": "tinytex",
      "Version": "0.24",
      "Source": "CRAN"
    },
    "treeio": {
      "Package": "treeio",
      "Version": "1.13.1",
      "Source": "github",
      "RemoteRepo": "treeio",
      "RemoteUsername": "GuangchuangYu",
      "RemoteRef": "HEAD",
      "RemoteSha": "fd135b88b3c065edb6502c93717419024b8aa68a",
      "RemoteHost": "api.github.com",
      "RemoteRepo": "treeio",
      "RemoteUsername": "GuangchuangYu",
      "RemoteRef": "HEAD",
      "RemoteSha": "fd135b88b3c065edb6502c93717419024b8aa68a",
      "RemoteType": "github"
    },
    "treemapify": {
      "Package": "treemapify",
      "Version": "2.5.3",
      "Source": "CRAN"
    },
    "tweenr": {
      "Package": "tweenr",
      "Version": "1.0.1",
      "Source": "CRAN"
    },
    "usethis": {
      "Package": "usethis",
      "Version": "1.6.1",
      "Source": "CRAN"
    },
    "utf8": {
      "Package": "utf8",
      "Version": "1.1.4",
      "Source": "CRAN"
    },
    "vctrs": {
      "Package": "vctrs",
      "Version": "0.3.2",
      "Source": "CRAN"
    },
    "viridis": {
      "Package": "viridis",
      "Version": "0.5.1",
      "Source": "CRAN"
    },
    "viridisLite": {
      "Package": "viridisLite",
      "Version": "0.3.0",
      "Source": "CRAN"
    },
    "wesanderson": {
      "Package": "wesanderson",
      "Version": "0.3.6",
      "Source": "CRAN"
    },
    "whisker": {
      "Package": "whisker",
      "Version": "0.4",
      "Source": "CRAN"
    },
    "withr": {
      "Package": "withr",
      "Version": "2.2.0",
      "Source": "CRAN"
    },
    "xfun": {
      "Package": "xfun",
      "Version": "0.15",
      "Source": "CRAN"
    },
    "xml2": {
      "Package": "xml2",
      "Version": "1.3.2",
      "Source": "CRAN"
    },
    "xopen": {
      "Package": "xopen",
      "Version": "1.0.0",
      "Source": "CRAN"
    },
    "yaml": {
      "Package": "yaml",
      "Version": "2.2.1",
      "Source": "CRAN"
    },
    "zip": {
      "Package": "zip",
      "Version": "2.0.4",
      "Source": "CRAN"
    }
  },
  "Bioconductor": {
    "Version": "3.11"
  }
}
